Microsoft Visual Studio Solution File, Format Version 12.00
# Visual Studio Version 17
VisualStudioVersion = 17.5.2.0
MinimumVisualStudioVersion = 10.0.40219.1
Project("{FAE04EC0-301F-11D3-BF4B-00C04F79EFBC}") = "ProtectDoc", "ProtectDoc.csproj", "{EA76F8FB-811B-527C-E81C-28D11E6C9743}"
EndProject
Global
	GlobalSection(SolutionConfigurationPlatforms) = preSolution
		Debug|Any CPU = Debug|Any CPU
		Release|Any CPU = Release|Any CPU
	EndGlobalSection
	GlobalSection(ProjectConfigurationPlatforms) = postSolution
		{EA76F8FB-811B-527C-E81C-28D11E6C9743}.Debug|Any CPU.ActiveCfg = Debug|Any CPU
		{EA76F8FB-811B-527C-E81C-28D11E6C9743}.Debug|Any CPU.Build.0 = Debug|Any CPU
		{EA76F8FB-811B-527C-E81C-28D11E6C9743}.Release|Any CPU.ActiveCfg = Release|Any CPU
		{EA76F8FB-811B-527C-E81C-28D11E6C9743}.Release|Any CPU.Build.0 = Release|Any CPU
	EndGlobalSection
	GlobalSection(SolutionProperties) = preSolution
		HideSolutionNode = FALSE
	EndGlobalSection
	GlobalSection(ExtensibilityGlobals) = postSolution
		SolutionGuid = {45A4270C-9297-4C56-ACE1-C0A8344B0C7E}
	EndGlobalSection
EndGlobal
